
Microsoft Visual Studio Solution File, Format Version 12.00
# Visual Studio Version 16
VisualStudioVersion = 16.0.31702.278
MinimumVisualStudioVersion = 10.0.40219.1
Project("{2150E333-8FDC-42A3-9474-1A3956D46DE8}") = "Links Estudo", "Links Estudo", "{7552F632-8459-46E8-9527-5EBFCBC9250B}"
	ProjectSection(SolutionItems) = preProject
		Anotacoes.txt = Anotacoes.txt
	EndProjectSection
EndProject
Project("{9A19103F-16F7-4668-BE54-9A1E7A4F7556}") = "SF_SGL_API", "SF_SGL_API\SF_SGL_API.csproj", "{82CD352C-A8C8-4F25-AB37-8FC0A7E02B6C}"
EndProject
Project("{9A19103F-16F7-4668-BE54-9A1E7A4F7556}") = "SF_SGL_Infra", "SF_SGL_Infra\SF_SGL_Infra.csproj", "{E5A6E2E1-CABD-475B-8B19-69388C2BA542}"
EndProject
Project("{9A19103F-16F7-4668-BE54-9A1E7A4F7556}") = "SF_SGL_UI", "SF_SGL_UI\SF_SGL_UI.csproj", "{6D015EBD-E843-4AEE-835E-8A85BA757BF9}"
EndProject
Project("{9A19103F-16F7-4668-BE54-9A1E7A4F7556}") = "SF_SGL_Dominio", "SF_SGL_Dominio\SF_SGL_Dominio.csproj", "{96FC0916-BFE8-47D1-955D-86F8541A0BF8}"
EndProject
Global
	GlobalSection(SolutionConfigurationPlatforms) = preSolution
		Debug|Any CPU = Debug|Any CPU
		Release|Any CPU = Release|Any CPU
	EndGlobalSection
	GlobalSection(ProjectConfigurationPlatforms) = postSolution
		{82CD352C-A8C8-4F25-AB37-8FC0A7E02B6C}.Debug|Any CPU.ActiveCfg = Debug|Any CPU
		{82CD352C-A8C8-4F25-AB37-8FC0A7E02B6C}.Debug|Any CPU.Build.0 = Debug|Any CPU
		{82CD352C-A8C8-4F25-AB37-8FC0A7E02B6C}.Release|Any CPU.ActiveCfg = Release|Any CPU
		{82CD352C-A8C8-4F25-AB37-8FC0A7E02B6C}.Release|Any CPU.Build.0 = Release|Any CPU
		{E5A6E2E1-CABD-475B-8B19-69388C2BA542}.Debug|Any CPU.ActiveCfg = Debug|Any CPU
		{E5A6E2E1-CABD-475B-8B19-69388C2BA542}.Debug|Any CPU.Build.0 = Debug|Any CPU
		{E5A6E2E1-CABD-475B-8B19-69388C2BA542}.Release|Any CPU.ActiveCfg = Release|Any CPU
		{E5A6E2E1-CABD-475B-8B19-69388C2BA542}.Release|Any CPU.Build.0 = Release|Any CPU
		{6D015EBD-E843-4AEE-835E-8A85BA757BF9}.Debug|Any CPU.ActiveCfg = Debug|Any CPU
		{6D015EBD-E843-4AEE-835E-8A85BA757BF9}.Debug|Any CPU.Build.0 = Debug|Any CPU
		{6D015EBD-E843-4AEE-835E-8A85BA757BF9}.Release|Any CPU.ActiveCfg = Release|Any CPU
		{6D015EBD-E843-4AEE-835E-8A85BA757BF9}.Release|Any CPU.Build.0 = Release|Any CPU
		{96FC0916-BFE8-47D1-955D-86F8541A0BF8}.Debug|Any CPU.ActiveCfg = Debug|Any CPU
		{96FC0916-BFE8-47D1-955D-86F8541A0BF8}.Debug|Any CPU.Build.0 = Debug|Any CPU
		{96FC0916-BFE8-47D1-955D-86F8541A0BF8}.Release|Any CPU.ActiveCfg = Release|Any CPU
		{96FC0916-BFE8-47D1-955D-86F8541A0BF8}.Release|Any CPU.Build.0 = Release|Any CPU
	EndGlobalSection
	GlobalSection(SolutionProperties) = preSolution
		HideSolutionNode = FALSE
	EndGlobalSection
	GlobalSection(ExtensibilityGlobals) = postSolution
		SolutionGuid = {79E5E305-4CC6-48EB-8508-B437464A2686}
	EndGlobalSection
EndGlobal
